lockfile_version: '1'
generated_at: '2026-05-06T10:11:30.156399+00:00'
apm_version: 0.12.2
dependencies:
- repo_url: korylus/guidelines
  host: github.com
  resolved_commit: a42ff7a690b4d7d896c819b2143fe85c9197a367
  resolved_ref: v1.4.0
  package_type: apm_package
  deployed_files:
  - .claude/rules/apm.md
  - .claude/rules/common.md
  - .claude/rules/go-architecture.md
  - .claude/rules/go-coding.md
  - .claude/rules/go-common.md
  - .claude/rules/go-development.md
  - .claude/rules/go-handler.md
  - .claude/rules/go-i18n.md
  - .claude/rules/go-security.md
  - .claude/rules/go-templ.md
  - .claude/rules/go-testing.md
  - .claude/rules/go-usecase.md
  - .claude/rules/go-validation.md
  - .claude/rules/guidelines-authoring.md
  - .claude/rules/rails-architecture.md
  - .claude/rules/rails-common.md
  - .claude/rules/rails-security.md
  - .claude/rules/rails-testing.md
  - .claude/skills/commit
  - .claude/skills/fix-dependabot-alert
  - .claude/skills/htmx4
  - .claude/skills/review
  - .claude/skills/review-pr
  - .claude/skills/summarize-dependency-diff
  - .claude/skills/sync
  - .claude/skills/write-help-page
  deployed_file_hashes:
    .claude/rules/apm.md: sha256:12085669d1359b920ccad15cc364a3550d6eb4a14d34b61a33a5054637217b63
    .claude/rules/common.md: sha256:df68f510e15b0718b2f493056177078fe258e520a133a36a87fb8f5be96aa851
    .claude/rules/go-architecture.md: sha256:2096c6b2a9d834b9ff31c88b165ad09bf79907e8a8557e00d98731b17cedef11
    .claude/rules/go-coding.md: sha256:ab5e37f3802874437f6b08a46998b5970b3cbedb2d48eaceed52748789dc15f1
    .claude/rules/go-common.md: sha256:44b21e9956a3687bd6384e8f77cfcacc65efc1493eafeae9394987ad8ae6d261
    .claude/rules/go-development.md: sha256:eb453111a410a9c7791e136119ebf76e87ffef1f8f70a3721ba472b66dc8c8c9
    .claude/rules/go-handler.md: sha256:5c1fd41ff12d49768c42a8e022b8e6cbbb4c4dfb7960c88f435f1a80d416643c
    .claude/rules/go-i18n.md: sha256:21c6dac7b07203d2d8482c1ab93c3ec71d1fc81612af01b06b7c1caaf2cf6a1a
    .claude/rules/go-security.md: sha256:802712c12a566be313cf7958318bf3f0addcb6082ddd8c4c4cf5dbafdc393ab2
    .claude/rules/go-templ.md: sha256:dc428bfdfeb0fb6296a3a8139cfed1d314d355054f36ebd135f2f467f2b7a926
    .claude/rules/go-testing.md: sha256:d8001f662867846abeecc45d146e56693038c3f8331a4d09cb55473e50e47d42
    .claude/rules/go-usecase.md: sha256:19841b3a6660f9e0bfcac456e9e2c252b56cd1611a9b978574cbb98b01d391db
    .claude/rules/go-validation.md: sha256:d9069472b0adbe7ca0db5fa2de35c5fff350121463e8b92bc216988d4e18a442
    .claude/rules/guidelines-authoring.md: sha256:0a4a93d16063efc3026ae2e2059c5161fdbbbbebe8a1ee819f3ce0d284262ebe
    .claude/rules/rails-architecture.md: sha256:326075d2d3a999fe8e1edc46c33dea3bd79ebd24c1e173333d325bc9460b3f56
    .claude/rules/rails-common.md: sha256:5db3d23561201331d2e9632451885eda17206e383ddaf0457cf8846664723ae8
    .claude/rules/rails-security.md: sha256:d410bb4d9f401a071fefe863c5ae7ac1b3864a8567dfcc13f7ada55d326f7b5b
    .claude/rules/rails-testing.md: sha256:6375be24036a797e497cf706247cb9db312f8effa905b9db321b4056c1febb9b
  content_hash: sha256:d336927bf0cc611b0451f89ad525479a84ba648bf9cdfefc19a1e3ea6ce66f02
