# THIS IS AN AUTOGENERATED FILE. DO NOT EDIT THIS FILE DIRECTLY.
# yarn lockfile v1


"@esbuild/android-arm64@0.18.15":
  version "0.18.15"
  resolved "https://registry.yarnpkg.com/@esbuild/android-arm64/-/android-arm64-0.18.15.tgz#abbe87b815d2f95ec749ffb4eba65d7d5343411f"
  integrity sha512-NI/gnWcMl2kXt1HJKOn2H69SYn4YNheKo6NZt1hyfKWdMbaGadxjZIkcj4Gjk/WPxnbFXs9/3HjGHaknCqjrww==

"@esbuild/android-arm@0.18.15":
  version "0.18.15"
  resolved "https://registry.yarnpkg.com/@esbuild/android-arm/-/android-arm-0.18.15.tgz#6afedd79c68d5d4d1e434e20a9ab620bb5849372"
  integrity sha512-wlkQBWb79/jeEEoRmrxt/yhn5T1lU236OCNpnfRzaCJHZ/5gf82uYx1qmADTBWE0AR/v7FiozE1auk2riyQd3w==

"@esbuild/android-x64@0.18.15":
  version "0.18.15"
  resolved "https://registry.yarnpkg.com/@esbuild/android-x64/-/android-x64-0.18.15.tgz#cdd886a58748b1584ad72d960c446fa958c11ab3"
  integrity sha512-FM9NQamSaEm/IZIhegF76aiLnng1kEsZl2eve/emxDeReVfRuRNmvT28l6hoFD9TsCxpK+i4v8LPpEj74T7yjA==

"@esbuild/darwin-arm64@0.18.15":
  version "0.18.15"
  resolved "https://registry.yarnpkg.com/@esbuild/darwin-arm64/-/darwin-arm64-0.18.15.tgz#648b124a6a63022adb5b0cf441e264e8f5ba4af2"
  integrity sha512-XmrFwEOYauKte9QjS6hz60FpOCnw4zaPAb7XV7O4lx1r39XjJhTN7ZpXqJh4sN6q60zbP6QwAVVA8N/wUyBH/w==

"@esbuild/darwin-x64@0.18.15":
  version "0.18.15"
  resolved "https://registry.yarnpkg.com/@esbuild/darwin-x64/-/darwin-x64-0.18.15.tgz#91cd2601c1604d123454d325e6b24fb6438350cf"
  integrity sha512-bMqBmpw1e//7Fh5GLetSZaeo9zSC4/CMtrVFdj+bqKPGJuKyfNJ5Nf2m3LknKZTS+Q4oyPiON+v3eaJ59sLB5A==

"@esbuild/freebsd-arm64@0.18.15":
  version "0.18.15"
  resolved "https://registry.yarnpkg.com/@esbuild/freebsd-arm64/-/freebsd-arm64-0.18.15.tgz#575940b0fc2f52833de4f6360445586742a8ff8b"
  integrity sha512-LoTK5N3bOmNI9zVLCeTgnk5Rk0WdUTrr9dyDAQGVMrNTh9EAPuNwSTCgaKOKiDpverOa0htPcO9NwslSE5xuLA==

"@esbuild/freebsd-x64@0.18.15":
  version "0.18.15"
  resolved "https://registry.yarnpkg.com/@esbuild/freebsd-x64/-/freebsd-x64-0.18.15.tgz#09694fc601dd8d3263a1075977ee7d3488514ef8"
  integrity sha512-62jX5n30VzgrjAjOk5orYeHFq6sqjvsIj1QesXvn5OZtdt5Gdj0vUNJy9NIpjfdNdqr76jjtzBJKf+h2uzYuTQ==

"@esbuild/linux-arm64@0.18.15":
  version "0.18.15"
  resolved "https://registry.yarnpkg.com/@esbuild/linux-arm64/-/linux-arm64-0.18.15.tgz#2f5d226b024964f2b5b6bce7c874a8ad31785fa2"
  integrity sha512-BWncQeuWDgYv0jTNzJjaNgleduV4tMbQjmk/zpPh/lUdMcNEAxy+jvneDJ6RJkrqloG7tB9S9rCrtfk/kuplsQ==

"@esbuild/linux-arm@0.18.15":
  version "0.18.15"
  resolved "https://registry.yarnpkg.com/@esbuild/linux-arm/-/linux-arm-0.18.15.tgz#172331fc66bbe89ba96e5e2ad583b2faa132d85c"
  integrity sha512-dT4URUv6ir45ZkBqhwZwyFV6cH61k8MttIwhThp2BGiVtagYvCToF+Bggyx2VI57RG4Fbt21f9TmXaYx0DeUJg==

"@esbuild/linux-ia32@0.18.15":
  version "0.18.15"
  resolved "https://registry.yarnpkg.com/@esbuild/linux-ia32/-/linux-ia32-0.18.15.tgz#fa797051131ee5f46d70c65a7edd14b6230cfc2f"
  integrity sha512-JPXORvgHRHITqfms1dWT/GbEY89u848dC08o0yK3fNskhp0t2TuNUnsrrSgOdH28ceb1hJuwyr8R/1RnyPwocw==

"@esbuild/linux-loong64@0.18.15":
  version "0.18.15"
  resolved "https://registry.yarnpkg.com/@esbuild/linux-loong64/-/linux-loong64-0.18.15.tgz#aeae1fa3d92b1486a91c0cb1cfd9c0ebe9168de4"
  integrity sha512-kArPI0DopjJCEplsVj/H+2Qgzz7vdFSacHNsgoAKpPS6W/Ndh8Oe24HRDQ5QCu4jHgN6XOtfFfLpRx3TXv/mEg==

"@esbuild/linux-mips64el@0.18.15":
  version "0.18.15"
  resolved "https://registry.yarnpkg.com/@esbuild/linux-mips64el/-/linux-mips64el-0.18.15.tgz#b63cfe356c33807c4d8ee5a75452922e98502073"
  integrity sha512-b/tmngUfO02E00c1XnNTw/0DmloKjb6XQeqxaYuzGwHe0fHVgx5/D6CWi+XH1DvkszjBUkK9BX7n1ARTOst59w==

"@esbuild/linux-ppc64@0.18.15":
  version "0.18.15"
  resolved "https://registry.yarnpkg.com/@esbuild/linux-ppc64/-/linux-ppc64-0.18.15.tgz#7dcb394e69cb47e4dc8a5960dd58b1a273d07f5d"
  integrity sha512-KXPY69MWw79QJkyvUYb2ex/OgnN/8N/Aw5UDPlgoRtoEfcBqfeLodPr42UojV3NdkoO4u10NXQdamWm1YEzSKw==

"@esbuild/linux-riscv64@0.18.15":
  version "0.18.15"
  resolved "https://registry.yarnpkg.com/@esbuild/linux-riscv64/-/linux-riscv64-0.18.15.tgz#fdfb9cf23b50d33112315e3194b9e16f7abf6c30"
  integrity sha512-komK3NEAeeGRnvFEjX1SfVg6EmkfIi5aKzevdvJqMydYr9N+pRQK0PGJXk+bhoPZwOUgLO4l99FZmLGk/L1jWg==

"@esbuild/linux-s390x@0.18.15":
  version "0.18.15"
  resolved "https://registry.yarnpkg.com/@esbuild/linux-s390x/-/linux-s390x-0.18.15.tgz#ce608d95989a502878d7cb1167df791e45268011"
  integrity sha512-632T5Ts6gQ2WiMLWRRyeflPAm44u2E/s/TJvn+BP6M5mnHSk93cieaypj3VSMYO2ePTCRqAFXtuYi1yv8uZJNA==

"@esbuild/linux-x64@0.18.15":
  version "0.18.15"
  resolved "https://registry.yarnpkg.com/@esbuild/linux-x64/-/linux-x64-0.18.15.tgz#49bbba5607702709f63b41906b4f1bcc44cf2f8e"
  integrity sha512-MsHtX0NgvRHsoOtYkuxyk4Vkmvk3PLRWfA4okK7c+6dT0Fu4SUqXAr9y4Q3d8vUf1VWWb6YutpL4XNe400iQ1g==

"@esbuild/netbsd-x64@0.18.15":
  version "0.18.15"
  resolved "https://registry.yarnpkg.com/@esbuild/netbsd-x64/-/netbsd-x64-0.18.15.tgz#08b5ccaf027c7e2174b9a19c29bebfe59dce1cfb"
  integrity sha512-djST6s+jQiwxMIVQ5rlt24JFIAr4uwUnzceuFL7BQT4CbrRtqBPueS4GjXSiIpmwVri1Icj/9pFRJ7/aScvT+A==

"@esbuild/openbsd-x64@0.18.15":
  version "0.18.15"
  resolved "https://registry.yarnpkg.com/@esbuild/openbsd-x64/-/openbsd-x64-0.18.15.tgz#38ec4223ebab562f0a89ffe20a40f05d500f89f0"
  integrity sha512-naeRhUIvhsgeounjkF5mvrNAVMGAm6EJWiabskeE5yOeBbLp7T89tAEw0j5Jm/CZAwyLe3c67zyCWH6fsBLCpw==

"@esbuild/sunos-x64@0.18.15":
  version "0.18.15"
  resolved "https://registry.yarnpkg.com/@esbuild/sunos-x64/-/sunos-x64-0.18.15.tgz#dbbebf641957a54b77f39ca9b10b0b38586799ba"
  integrity sha512-qkT2+WxyKbNIKV1AEhI8QiSIgTHMcRctzSaa/I3kVgMS5dl3fOeoqkb7pW76KwxHoriImhx7Mg3TwN/auMDsyQ==

"@esbuild/win32-arm64@0.18.15":
  version "0.18.15"
  resolved "https://registry.yarnpkg.com/@esbuild/win32-arm64/-/win32-arm64-0.18.15.tgz#7f15fe5d14b9b24eb18ca211ad92e0f5df92a18b"
  integrity sha512-HC4/feP+pB2Vb+cMPUjAnFyERs+HJN7E6KaeBlFdBv799MhD+aPJlfi/yk36SED58J9TPwI8MAcVpJgej4ud0A==

"@esbuild/win32-ia32@0.18.15":
  version "0.18.15"
  resolved "https://registry.yarnpkg.com/@esbuild/win32-ia32/-/win32-ia32-0.18.15.tgz#a6609735a4a5e8fbdeb045720bc8be46825566fa"
  integrity sha512-ovjwoRXI+gf52EVF60u9sSDj7myPixPxqzD5CmkEUmvs+W9Xd0iqISVBQn8xcx4ciIaIVlWCuTbYDOXOnOL44Q==

"@esbuild/win32-x64@0.18.15":
  version "0.18.15"
  resolved "https://registry.yarnpkg.com/@esbuild/win32-x64/-/win32-x64-0.18.15.tgz#41ee66253566124cc44bce1b4c760a87d9f5bf1d"
  integrity sha512-imUxH9a3WJARyAvrG7srLyiK73XdX83NXQkjKvQ+7vPh3ZxoLrzvPkQKKw2DwZ+RV2ZB6vBfNHP8XScAmQC3aA==

"@hotwired/stimulus@^3.2.1":
  version "3.2.1"
  resolved "https://registry.yarnpkg.com/@hotwired/stimulus/-/stimulus-3.2.1.tgz#e3de23623b0c52c247aba4cd5d530d257008676b"
  integrity sha512-HGlzDcf9vv/EQrMJ5ZG6VWNs8Z/xMN+1o2OhV1gKiSG6CqZt5MCBB1gRg5ILiN3U0jEAxuDTNPRfBcnZBDmupQ==

"@hotwired/turbo@^7.3.0":
  version "7.3.0"
  resolved "https://registry.yarnpkg.com/@hotwired/turbo/-/turbo-7.3.0.tgz#2226000fff1aabda9fd9587474565c9929dbf15d"
  integrity sha512-Dcu+NaSvHLT7EjrDrkEmH4qET2ZJZ5IcCWmNXxNQTBwlnE5tBZfN6WxZ842n5cHV52DH/AKNirbPBtcEXDLW4g==

"@popperjs/core@^2.11.7":
  version "2.11.7"
  resolved "https://registry.yarnpkg.com/@popperjs/core/-/core-2.11.7.tgz#ccab5c8f7dc557a52ca3288c10075c9ccd37fff7"
  integrity sha512-Cr4OjIkipTtcXKjAsm8agyleBuDHvxzeBoa1v543lbv1YaIwQjESsVcmjiWiPEbC1FIeHOG/Op9kdCmAmiS3Kw==

"@rails/ujs@^7.0.4":
  version "7.0.4"
  resolved "https://registry.yarnpkg.com/@rails/ujs/-/ujs-7.0.4.tgz#7fe5387d2d82b0547fdfc6667b424ec119c86b1e"
  integrity sha512-UY9yQxBvtqXzXScslgPwZoQd16T0+z3P6BQS4lZDJFg5xVuMIgHkHQI6dhyWEt5l/qwbGaYX+YiZu6J+oxWPOw==

anymatch@~3.1.2:
  version "3.1.2"
  resolved "https://registry.yarnpkg.com/anymatch/-/anymatch-3.1.2.tgz#c0557c096af32f106198f4f4e2a383537e378716"
  integrity sha512-P43ePfOAIupkguHUycrc4qJ9kz8ZiuOUijaETwX7THt0Y/GNK7v0aa8rY816xWjZ7rJdA5XdMcpVFTKMq+RvWg==
  dependencies:
    normalize-path "^3.0.0"
    picomatch "^2.0.4"

autosize@^6.0.1:
  version "6.0.1"
  resolved "https://registry.yarnpkg.com/autosize/-/autosize-6.0.1.tgz#64ee78dd7029be959eddd3afbbd33235b957e10f"
  integrity sha512-f86EjiUKE6Xvczc4ioP1JBlWG7FKrE13qe/DxBCpe8GCipCq2nFw73aO8QEBKHfSbYGDN5eB9jXWKen7tspDqQ==

binary-extensions@^2.0.0:
  version "2.2.0"
  resolved "https://registry.yarnpkg.com/binary-extensions/-/binary-extensions-2.2.0.tgz#75f502eeaf9ffde42fc98829645be4ea76bd9e2d"
  integrity sha512-jDctJ/IVQbZoJykoeHbhXpOlNBqGNcwXJKJog42E5HDPUwQTSdjCHdihjj0DlnheQ7blbT6dHOafNAiS8ooQKA==

bootstrap@^5.3.0-alpha3:
  version "5.3.0-alpha3"
  resolved "https://registry.yarnpkg.com/bootstrap/-/bootstrap-5.3.0-alpha3.tgz#ad64d9a663c53ab7aca99c560e0bd16b5e023441"
  integrity sha512-FBhOWMxkCFr74hesJdchLXhqagPTXS+kRNU3gE0FR5Ki/AdPSz32Ik96Z28+yBluCnE/pc9st7l1yPwKgbtfSA==

braces@~3.0.2:
  version "3.0.2"
  resolved "https://registry.yarnpkg.com/braces/-/braces-3.0.2.tgz#3454e1a462ee8d599e236df336cd9ea4f8afe107"
  integrity sha512-b8um+L1RzM3WDSzvhm6gIz1yfTbBt6YTlcEKAvsmqCZZFw46z626lVj9j1yEPW33H5H+lBQpZMP1k8l+78Ha0A==
  dependencies:
    fill-range "^7.0.1"

"chokidar@>=3.0.0 <4.0.0":
  version "3.5.3"
  resolved "https://registry.yarnpkg.com/chokidar/-/chokidar-3.5.3.tgz#1cf37c8707b932bd1af1ae22c0432e2acd1903bd"
  integrity sha512-Dr3sfKRP6oTcjf2JmUmFJfeVMvXBdegxB0iVQ5eb2V10uFJUCAS8OByZdVAyVb8xXNz3GjjTgj9kLWsZTqE6kw==
  dependencies:
    anymatch "~3.1.2"
    braces "~3.0.2"
    glob-parent "~5.1.2"
    is-binary-path "~2.1.0"
    is-glob "~4.0.1"
    normalize-path "~3.0.0"
    readdirp "~3.6.0"
  optionalDependencies:
    fsevents "~2.3.2"

esbuild@^0.18.15:
  version "0.18.15"
  resolved "https://registry.yarnpkg.com/esbuild/-/esbuild-0.18.15.tgz#5b5c1a22e608afd5675f82ad466c4d2cfd723f85"
  integrity sha512-3WOOLhrvuTGPRzQPU6waSDWrDTnQriia72McWcn6UCi43GhCHrXH4S59hKMeez+IITmdUuUyvbU9JIp+t3xlPQ==
  optionalDependencies:
    "@esbuild/android-arm" "0.18.15"
    "@esbuild/android-arm64" "0.18.15"
    "@esbuild/android-x64" "0.18.15"
    "@esbuild/darwin-arm64" "0.18.15"
    "@esbuild/darwin-x64" "0.18.15"
    "@esbuild/freebsd-arm64" "0.18.15"
    "@esbuild/freebsd-x64" "0.18.15"
    "@esbuild/linux-arm" "0.18.15"
    "@esbuild/linux-arm64" "0.18.15"
    "@esbuild/linux-ia32" "0.18.15"
    "@esbuild/linux-loong64" "0.18.15"
    "@esbuild/linux-mips64el" "0.18.15"
    "@esbuild/linux-ppc64" "0.18.15"
    "@esbuild/linux-riscv64" "0.18.15"
    "@esbuild/linux-s390x" "0.18.15"
    "@esbuild/linux-x64" "0.18.15"
    "@esbuild/netbsd-x64" "0.18.15"
    "@esbuild/openbsd-x64" "0.18.15"
    "@esbuild/sunos-x64" "0.18.15"
    "@esbuild/win32-arm64" "0.18.15"
    "@esbuild/win32-ia32" "0.18.15"
    "@esbuild/win32-x64" "0.18.15"

fill-range@^7.0.1:
  version "7.0.1"
  resolved "https://registry.yarnpkg.com/fill-range/-/fill-range-7.0.1.tgz#1919a6a7c75fe38b2c7c77e5198535da9acdda40"
  integrity sha512-qOo9F+dMUmC2Lcb4BbVvnKJxTPjCm+RRpe4gDuGrzkL7mEVl/djYSu2OdQ2Pa302N4oqkSg9ir6jaLWJ2USVpQ==
  dependencies:
    to-regex-range "^5.0.1"

fsevents@~2.3.2:
  version "2.3.2"
  resolved "https://registry.yarnpkg.com/fsevents/-/fsevents-2.3.2.tgz#8a526f78b8fdf4623b709e0b975c52c24c02fd1a"
  integrity sha512-xiqMQR4xAeHTuB9uWm+fFRcIOgKBMiOBP+eXiyT7jsgVCq1bkVygt00oASowB7EdtpOHaaPgKt812P9ab+DDKA==

glob-parent@~5.1.2:
  version "5.1.2"
  resolved "https://registry.yarnpkg.com/glob-parent/-/glob-parent-5.1.2.tgz#869832c58034fe68a4093c17dc15e8340d8401c4"
  integrity sha512-AOIgSQCepiJYwP3ARnGx+5VnTu2HBYdzbGP45eLw1vr3zB3vZLeyed1sC9hnbcOc9/SrMyM5RPQrkGz4aS9Zow==
  dependencies:
    is-glob "^4.0.1"

immutable@^4.0.0:
  version "4.1.0"
  resolved "https://registry.yarnpkg.com/immutable/-/immutable-4.1.0.tgz#f795787f0db780183307b9eb2091fcac1f6fafef"
  integrity sha512-oNkuqVTA8jqG1Q6c+UglTOD1xhC1BtjKI7XkCXRkZHrN5m18/XsnUp8Q89GkQO/z+0WjonSvl0FLhDYftp46nQ==

is-binary-path@~2.1.0:
  version "2.1.0"
  resolved "https://registry.yarnpkg.com/is-binary-path/-/is-binary-path-2.1.0.tgz#ea1f7f3b80f064236e83470f86c09c254fb45b09"
  integrity sha512-ZMERYes6pDydyuGidse7OsHxtbI7WVeUEozgR/g7rd0xUimYNlvZRE/K2MgZTjWy725IfelLeVcEM97mmtRGXw==
  dependencies:
    binary-extensions "^2.0.0"

is-extglob@^2.1.1:
  version "2.1.1"
  resolved "https://registry.yarnpkg.com/is-extglob/-/is-extglob-2.1.1.tgz#a88c02535791f02ed37c76a1b9ea9773c833f8c2"
  integrity sha512-SbKbANkN603Vi4jEZv49LeVJMn4yGwsbzZworEoyEiutsN3nJYdbO36zfhGJ6QEDpOZIFkDtnq5JRxmvl3jsoQ==

is-glob@^4.0.1, is-glob@~4.0.1:
  version "4.0.3"
  resolved "https://registry.yarnpkg.com/is-glob/-/is-glob-4.0.3.tgz#64f61e42cbbb2eec2071a9dac0b28ba1e65d5084"
  integrity sha512-xelSayHH36ZgE7ZWhli7pW34hNbNl8Ojv5KVmkJD4hBdD3th8Tfk9vYasLM+mXWOZhFkgZfxhLSnrwRr4elSSg==
  dependencies:
    is-extglob "^2.1.1"

is-number@^7.0.0:
  version "7.0.0"
  resolved "https://registry.yarnpkg.com/is-number/-/is-number-7.0.0.tgz#7535345b896734d5f80c4d06c50955527a14f12b"
  integrity sha512-41Cifkg6e8TylSpdtTpeLVMqvSBEVzTttHvERD741+pnZ8ANv0004MRL43QKPDlK9cGvNp6NZWZUBlbGXYxxng==

normalize-path@^3.0.0, normalize-path@~3.0.0:
  version "3.0.0"
  resolved "https://registry.yarnpkg.com/normalize-path/-/normalize-path-3.0.0.tgz#0dcd69ff23a1c9b11fd0978316644a0388216a65"
  integrity sha512-6eZs5Ls3WtCisHWp9S2GUy8dqkpGi4BVSz3GaqiE6ezub0512ESztXUwUB6C6IKbQkY2Pnb/mD4WYojCRwcwLA==

picomatch@^2.0.4, picomatch@^2.2.1:
  version "2.3.1"
  resolved "https://registry.yarnpkg.com/picomatch/-/picomatch-2.3.1.tgz#3ba3833733646d9d3e4995946c1365a67fb07a42"
  integrity sha512-JU3teHTNjmE2VCGFzuY8EXzCDVwEqB2a8fsIvwaStHhAWJEeVd1o1QD80CU6+ZdEXXSLbSsuLwJjkCBWqRQUVA==

prettier@2.8.8:
  version "2.8.8"
  resolved "https://registry.yarnpkg.com/prettier/-/prettier-2.8.8.tgz#e8c5d7e98a4305ffe3de2e1fc4aca1a71c28b1da"
  integrity sha512-tdN8qQGvNjw4CHbY+XXk0JgCXn9QiF21a55rBe5LJAU+kDyC4WQn4+awm2Xfk2lQMk5fKup9XgzTZtGkjBdP9Q==

readdirp@~3.6.0:
  version "3.6.0"
  resolved "https://registry.yarnpkg.com/readdirp/-/readdirp-3.6.0.tgz#74a370bd857116e245b29cc97340cd431a02a6c7"
  integrity sha512-hOS089on8RduqdbhvQ5Z37A0ESjsqz6qnRcffsMU3495FuTdqSm+7bhJ29JvIOsBDEEnan5DPu9t3To9VRlMzA==
  dependencies:
    picomatch "^2.2.1"

sass@^1.62.1:
  version "1.62.1"
  resolved "https://registry.yarnpkg.com/sass/-/sass-1.62.1.tgz#caa8d6bf098935bc92fc73fa169fb3790cacd029"
  integrity sha512-NHpxIzN29MXvWiuswfc1W3I0N8SXBd8UR26WntmDlRYf0bSADnwnOjsyMZ3lMezSlArD33Vs3YFhp7dWvL770A==
  dependencies:
    chokidar ">=3.0.0 <4.0.0"
    immutable "^4.0.0"
    source-map-js ">=0.6.2 <2.0.0"

"source-map-js@>=0.6.2 <2.0.0":
  version "1.0.2"
  resolved "https://registry.yarnpkg.com/source-map-js/-/source-map-js-1.0.2.tgz#adbc361d9c62df380125e7f161f71c826f1e490c"
  integrity sha512-R0XvVJ9WusLiqTCEiGCmICCMplcCkIwwR11mOSD9CR5u+IXYdiseeEuXCVAjS54zqwkLcPNnmU4OeJ6tUrWhDw==

to-regex-range@^5.0.1:
  version "5.0.1"
  resolved "https://registry.yarnpkg.com/to-regex-range/-/to-regex-range-5.0.1.tgz#1648c44aae7c8d988a326018ed72f5b4dd0392e4"
  integrity sha512-65P7iz6X5yEr1cwcgvQxbbIw7Uk3gOy5dIdtZ4rDveLqhrdJP+Li/Hx6tyK0NEb+2GCyneCMJiGqrADCSNk8sQ==
  dependencies:
    is-number "^7.0.0"
