# THIS IS AN AUTOGENERATED FILE. DO NOT EDIT THIS FILE DIRECTLY.
# yarn lockfile v1


"@esbuild/android-arm64@0.18.3":
  version "0.18.3"
  resolved "https://registry.yarnpkg.com/@esbuild/android-arm64/-/android-arm64-0.18.3.tgz#c8118069fb69d5057772dc028f84bcff9e9fd908"
  integrity sha512-PgabCsoaEEnnOiF6rUhOBXgYoLFIrHWP6mfLOzuQ1oZ1lwBdTL0hp5ivC4K3Kvz3BD8EipjeQo6l0aty3nr4qQ==

"@esbuild/android-arm@0.18.3":
  version "0.18.3"
  resolved "https://registry.yarnpkg.com/@esbuild/android-arm/-/android-arm-0.18.3.tgz#7904d8326fd7168debfd4a80b9bf867486d4204c"
  integrity sha512-QOn3VIlL6Qv1eHBpQB/s7simaZgGss2ASyxDOwYSLmc6vD0uuizZkuYawHmuLjWEm5wPwp0JQWhbpaYwwGevYw==

"@esbuild/android-x64@0.18.3":
  version "0.18.3"
  resolved "https://registry.yarnpkg.com/@esbuild/android-x64/-/android-x64-0.18.3.tgz#824c4abb0f2ebeeee97a9a992ab7ac002cffc959"
  integrity sha512-1OkJf8wNX1W5ucbp5HrK+z42b9DINb4ix59oJH/PIsh9cyFMqjgRKtCBXg0zEWhkmP1k3egdfrnS7cDTpLH43g==

"@esbuild/darwin-arm64@0.18.3":
  version "0.18.3"
  resolved "https://registry.yarnpkg.com/@esbuild/darwin-arm64/-/darwin-arm64-0.18.3.tgz#958da842603418539d7227f34130698fa34cf76e"
  integrity sha512-57aofORpY7wDAuMs6DeqpmgSnVfZ63RgGbR/BHdOSTqJgYvHDCMY7/o1myFntl3k0YxtLE3WAm56nMf4qy3UDw==

"@esbuild/darwin-x64@0.18.3":
  version "0.18.3"
  resolved "https://registry.yarnpkg.com/@esbuild/darwin-x64/-/darwin-x64-0.18.3.tgz#bdd2f75e6d53b3e47d542e2557a7e636cc4eea3a"
  integrity sha512-NVBqMnxT9qvgu7Z322LUDlwjh4GDk6wEePyAQnHF9noxik/WvLFmr5v3Vgz5LSvqFducLCxsdmLztKhdpFW0Gg==

"@esbuild/freebsd-arm64@0.18.3":
  version "0.18.3"
  resolved "https://registry.yarnpkg.com/@esbuild/freebsd-arm64/-/freebsd-arm64-0.18.3.tgz#155fbdfdfa7b3689a0ce6bec563ede1ec629c5ef"
  integrity sha512-XiLK1AsCk2wKxN7j8h9GXXCs8FPZhp07U0rnpwRkAVSVGgLaIWYSqpTRzKjAfqJiZlp+XKo1HwsmDdICEKB3Dg==

"@esbuild/freebsd-x64@0.18.3":
  version "0.18.3"
  resolved "https://registry.yarnpkg.com/@esbuild/freebsd-x64/-/freebsd-x64-0.18.3.tgz#c1a268389a4e8147b55bad8325521563202fa3b9"
  integrity sha512-xyITfrF0G3l1gwR79hvNCCWKQ/16uK14xNNPFgzjbIqF4EpBvhO6l3jrWxXFUW51z6dVIl2Szh3x3uIbBWzH1Q==

"@esbuild/linux-arm64@0.18.3":
  version "0.18.3"
  resolved "https://registry.yarnpkg.com/@esbuild/linux-arm64/-/linux-arm64-0.18.3.tgz#accaa7cbc56979db18c2c5df15e2280bd3a8ad69"
  integrity sha512-lsKUYVd8L/j2uNs8dhMjMsKC5MHYh77gR9EThu7YCeeFz1XpIkx1I4a7mhoVfPS2VPVD1pMCh+PgxuAHUcEmXw==

"@esbuild/linux-arm@0.18.3":
  version "0.18.3"
  resolved "https://registry.yarnpkg.com/@esbuild/linux-arm/-/linux-arm-0.18.3.tgz#e3c03cfbedd3a59464dacf31f1dbd91f0e637543"
  integrity sha512-fc/T0QHMzvmnlF+kfD6bHLB8u+17gg13260p/E86yYjVoKNFjonL/+Y0GGQjMbFUas9QijqOa7pcR00a9RNkwg==

"@esbuild/linux-ia32@0.18.3":
  version "0.18.3"
  resolved "https://registry.yarnpkg.com/@esbuild/linux-ia32/-/linux-ia32-0.18.3.tgz#b6c8c55be4d472af77c060c31a52121187d52e71"
  integrity sha512-EyfGWeOwRqK5Xj18vok0qv8IFBZ1/+hKV+cqD44oVhGsxHo9TmPtoSiDrWn8Sa2swq/VuO5Aiog6YPDj81oIkA==

"@esbuild/linux-loong64@0.18.3":
  version "0.18.3"
  resolved "https://registry.yarnpkg.com/@esbuild/linux-loong64/-/linux-loong64-0.18.3.tgz#d3152c9cb8d3ff6271fe356ec42c9f5c849572ae"
  integrity sha512-PwXkcl3t0kSeYH5RuJIeh/fHOzKZd+ZdifAWzpVO+9TLWArutTFBJvOSkTZ3CcqQqNrTj1Qyo6nqE8MQj/a7cQ==

"@esbuild/linux-mips64el@0.18.3":
  version "0.18.3"
  resolved "https://registry.yarnpkg.com/@esbuild/linux-mips64el/-/linux-mips64el-0.18.3.tgz#088aa0f909509adb5ea086255f7f654ce8d88074"
  integrity sha512-CRVkkSXf5GQcq7Am2a2tdIn85oqi/bkjuPvhNqcdeTgI0xgNbqLnEPRy2AEGkRuaJWB5uCX1IC4sqnY8ET14Yg==

"@esbuild/linux-ppc64@0.18.3":
  version "0.18.3"
  resolved "https://registry.yarnpkg.com/@esbuild/linux-ppc64/-/linux-ppc64-0.18.3.tgz#3022bc526f53b37fe324d25f4ff8e228e7a48dd7"
  integrity sha512-t7zK1Cheh0xvzfZbimztiE0wGnpV+YRsBg3tefcEBN3O4GzgLu6fFpA5HxEyVm3hHZW1jAC4OhoGEp7C5Ii6Eg==

"@esbuild/linux-riscv64@0.18.3":
  version "0.18.3"
  resolved "https://registry.yarnpkg.com/@esbuild/linux-riscv64/-/linux-riscv64-0.18.3.tgz#4c00374dbe733456d6fff567521463b977ce4a66"
  integrity sha512-fUZPtyCYih6y4lDYdSM4Yoax4nS7aH0/XixJStys+9tfp5cAlIAZhEVKOOdeGXmQn0IEyiUtlIsPnfObbeDQfQ==

"@esbuild/linux-s390x@0.18.3":
  version "0.18.3"
  resolved "https://registry.yarnpkg.com/@esbuild/linux-s390x/-/linux-s390x-0.18.3.tgz#4eeef68a641308abf023b9bd2d7c7e60133394c5"
  integrity sha512-oIcK2LqHWqfMERqjvaKJ3QJmycHn723HsXIv5gH4iGfmePfSj+gi0ZQv2h4bHUg2bs2gJtV0DlIjGhEuvdgxLw==

"@esbuild/linux-x64@0.18.3":
  version "0.18.3"
  resolved "https://registry.yarnpkg.com/@esbuild/linux-x64/-/linux-x64-0.18.3.tgz#5bc57407bcb7626128345f0846f15a6db7263802"
  integrity sha512-RW9lpfZ6XZ6f5to2DJPvt0f/4RXEW229Xf++quVoW+YbnPrcapIJChtD/AmZ8cK3hglO/hXxJjs21pV0/l7L5w==

"@esbuild/netbsd-x64@0.18.3":
  version "0.18.3"
  resolved "https://registry.yarnpkg.com/@esbuild/netbsd-x64/-/netbsd-x64-0.18.3.tgz#878fd523afe75e7352edf6d6f258d7bbf7c5db1a"
  integrity sha512-piZ2oBoaq58pKZvhgdV6PemlL30Uhd9GmmOkIGZYgChwNcyVSSl6iMEJxMzU7x44Lk9q+hJ6a343M/iVEMEvxA==

"@esbuild/openbsd-x64@0.18.3":
  version "0.18.3"
  resolved "https://registry.yarnpkg.com/@esbuild/openbsd-x64/-/openbsd-x64-0.18.3.tgz#6df3068374393713186d14fac66c3228737527e7"
  integrity sha512-vaMfouYTz/4tKdQsXDccqhV6wgPEr+hfuxdNU5Pl/vQxYTsqcXv5DYEa5Z1RAxCoua5aEB+Uj5V7VT/bM92wxw==

"@esbuild/sunos-x64@0.18.3":
  version "0.18.3"
  resolved "https://registry.yarnpkg.com/@esbuild/sunos-x64/-/sunos-x64-0.18.3.tgz#9e85422620b8972f02489ec04329492dd04dae13"
  integrity sha512-Fa3rNQQ9q1qwy9u2cdDvuGKy3jmPnPPMDdyy/qbn5d395Pb9hjLYiPzX9BozXMPJDlCNofSY7jN3miM9gyAdHA==

"@esbuild/win32-arm64@0.18.3":
  version "0.18.3"
  resolved "https://registry.yarnpkg.com/@esbuild/win32-arm64/-/win32-arm64-0.18.3.tgz#21336b42038fffc7dcacb201683701499ce9ecd7"
  integrity sha512-LPJC8ub+9uzyC6ygVmp00dAqet1q1DsZ/OldGIIBt+y+Ctd1OfnKNlzQgXK8nxwY1G8fAhklFSeSRRgAUJnR0w==

"@esbuild/win32-ia32@0.18.3":
  version "0.18.3"
  resolved "https://registry.yarnpkg.com/@esbuild/win32-ia32/-/win32-ia32-0.18.3.tgz#3ca7b08a837512f271308e72e81841154baf4f5b"
  integrity sha512-WtUyRspyxZR6NTc2HG4xd9Wvz8lP4C6OUY1gAqisrf151HvXIxsK0mfAacFJNS7EN2wvPTgjP+SM8vgBOx5+zA==

"@esbuild/win32-x64@0.18.3":
  version "0.18.3"
  resolved "https://registry.yarnpkg.com/@esbuild/win32-x64/-/win32-x64-0.18.3.tgz#735999f2dc838a0a7cf86fb0d45cc8fc941316fb"
  integrity sha512-Z8qCK4BkBm40j5KUM4NrkxYQS0R12cBO1NBVtI4vws6uwh1n/VaNu31Hm+n2cJUWdFbfH57PBghkhm9yLgmPfw==

"@hotwired/stimulus@^3.2.1":
  version "3.2.1"
  resolved "https://registry.yarnpkg.com/@hotwired/stimulus/-/stimulus-3.2.1.tgz#e3de23623b0c52c247aba4cd5d530d257008676b"
  integrity sha512-HGlzDcf9vv/EQrMJ5ZG6VWNs8Z/xMN+1o2OhV1gKiSG6CqZt5MCBB1gRg5ILiN3U0jEAxuDTNPRfBcnZBDmupQ==

"@hotwired/turbo@^7.3.0":
  version "7.3.0"
  resolved "https://registry.yarnpkg.com/@hotwired/turbo/-/turbo-7.3.0.tgz#2226000fff1aabda9fd9587474565c9929dbf15d"
  integrity sha512-Dcu+NaSvHLT7EjrDrkEmH4qET2ZJZ5IcCWmNXxNQTBwlnE5tBZfN6WxZ842n5cHV52DH/AKNirbPBtcEXDLW4g==

"@popperjs/core@^2.11.7":
  version "2.11.7"
  resolved "https://registry.yarnpkg.com/@popperjs/core/-/core-2.11.7.tgz#ccab5c8f7dc557a52ca3288c10075c9ccd37fff7"
  integrity sha512-Cr4OjIkipTtcXKjAsm8agyleBuDHvxzeBoa1v543lbv1YaIwQjESsVcmjiWiPEbC1FIeHOG/Op9kdCmAmiS3Kw==

"@rails/ujs@^7.0.4":
  version "7.0.4"
  resolved "https://registry.yarnpkg.com/@rails/ujs/-/ujs-7.0.4.tgz#7fe5387d2d82b0547fdfc6667b424ec119c86b1e"
  integrity sha512-UY9yQxBvtqXzXScslgPwZoQd16T0+z3P6BQS4lZDJFg5xVuMIgHkHQI6dhyWEt5l/qwbGaYX+YiZu6J+oxWPOw==

anymatch@~3.1.2:
  version "3.1.2"
  resolved "https://registry.yarnpkg.com/anymatch/-/anymatch-3.1.2.tgz#c0557c096af32f106198f4f4e2a383537e378716"
  integrity sha512-P43ePfOAIupkguHUycrc4qJ9kz8ZiuOUijaETwX7THt0Y/GNK7v0aa8rY816xWjZ7rJdA5XdMcpVFTKMq+RvWg==
  dependencies:
    normalize-path "^3.0.0"
    picomatch "^2.0.4"

autosize@^6.0.1:
  version "6.0.1"
  resolved "https://registry.yarnpkg.com/autosize/-/autosize-6.0.1.tgz#64ee78dd7029be959eddd3afbbd33235b957e10f"
  integrity sha512-f86EjiUKE6Xvczc4ioP1JBlWG7FKrE13qe/DxBCpe8GCipCq2nFw73aO8QEBKHfSbYGDN5eB9jXWKen7tspDqQ==

binary-extensions@^2.0.0:
  version "2.2.0"
  resolved "https://registry.yarnpkg.com/binary-extensions/-/binary-extensions-2.2.0.tgz#75f502eeaf9ffde42fc98829645be4ea76bd9e2d"
  integrity sha512-jDctJ/IVQbZoJykoeHbhXpOlNBqGNcwXJKJog42E5HDPUwQTSdjCHdihjj0DlnheQ7blbT6dHOafNAiS8ooQKA==

bootstrap@^5.3.0-alpha3:
  version "5.3.0-alpha3"
  resolved "https://registry.yarnpkg.com/bootstrap/-/bootstrap-5.3.0-alpha3.tgz#ad64d9a663c53ab7aca99c560e0bd16b5e023441"
  integrity sha512-FBhOWMxkCFr74hesJdchLXhqagPTXS+kRNU3gE0FR5Ki/AdPSz32Ik96Z28+yBluCnE/pc9st7l1yPwKgbtfSA==

braces@~3.0.2:
  version "3.0.2"
  resolved "https://registry.yarnpkg.com/braces/-/braces-3.0.2.tgz#3454e1a462ee8d599e236df336cd9ea4f8afe107"
  integrity sha512-b8um+L1RzM3WDSzvhm6gIz1yfTbBt6YTlcEKAvsmqCZZFw46z626lVj9j1yEPW33H5H+lBQpZMP1k8l+78Ha0A==
  dependencies:
    fill-range "^7.0.1"

"chokidar@>=3.0.0 <4.0.0":
  version "3.5.3"
  resolved "https://registry.yarnpkg.com/chokidar/-/chokidar-3.5.3.tgz#1cf37c8707b932bd1af1ae22c0432e2acd1903bd"
  integrity sha512-Dr3sfKRP6oTcjf2JmUmFJfeVMvXBdegxB0iVQ5eb2V10uFJUCAS8OByZdVAyVb8xXNz3GjjTgj9kLWsZTqE6kw==
  dependencies:
    anymatch "~3.1.2"
    braces "~3.0.2"
    glob-parent "~5.1.2"
    is-binary-path "~2.1.0"
    is-glob "~4.0.1"
    normalize-path "~3.0.0"
    readdirp "~3.6.0"
  optionalDependencies:
    fsevents "~2.3.2"

esbuild@^0.18.3:
  version "0.18.3"
  resolved "https://registry.yarnpkg.com/esbuild/-/esbuild-0.18.3.tgz#a0c480cec5c3ee9808ad0949811687f608ac708d"
  integrity sha512-eadWJC4CRpj93+miO5ZBlvCv+m2x6pzyNBznTvUeLFObMmxs1IMd8cCf6qiDVEZuDL6W8W7u+ZNW3GKEfOdDsA==
  optionalDependencies:
    "@esbuild/android-arm" "0.18.3"
    "@esbuild/android-arm64" "0.18.3"
    "@esbuild/android-x64" "0.18.3"
    "@esbuild/darwin-arm64" "0.18.3"
    "@esbuild/darwin-x64" "0.18.3"
    "@esbuild/freebsd-arm64" "0.18.3"
    "@esbuild/freebsd-x64" "0.18.3"
    "@esbuild/linux-arm" "0.18.3"
    "@esbuild/linux-arm64" "0.18.3"
    "@esbuild/linux-ia32" "0.18.3"
    "@esbuild/linux-loong64" "0.18.3"
    "@esbuild/linux-mips64el" "0.18.3"
    "@esbuild/linux-ppc64" "0.18.3"
    "@esbuild/linux-riscv64" "0.18.3"
    "@esbuild/linux-s390x" "0.18.3"
    "@esbuild/linux-x64" "0.18.3"
    "@esbuild/netbsd-x64" "0.18.3"
    "@esbuild/openbsd-x64" "0.18.3"
    "@esbuild/sunos-x64" "0.18.3"
    "@esbuild/win32-arm64" "0.18.3"
    "@esbuild/win32-ia32" "0.18.3"
    "@esbuild/win32-x64" "0.18.3"

fill-range@^7.0.1:
  version "7.0.1"
  resolved "https://registry.yarnpkg.com/fill-range/-/fill-range-7.0.1.tgz#1919a6a7c75fe38b2c7c77e5198535da9acdda40"
  integrity sha512-qOo9F+dMUmC2Lcb4BbVvnKJxTPjCm+RRpe4gDuGrzkL7mEVl/djYSu2OdQ2Pa302N4oqkSg9ir6jaLWJ2USVpQ==
  dependencies:
    to-regex-range "^5.0.1"

fsevents@~2.3.2:
  version "2.3.2"
  resolved "https://registry.yarnpkg.com/fsevents/-/fsevents-2.3.2.tgz#8a526f78b8fdf4623b709e0b975c52c24c02fd1a"
  integrity sha512-xiqMQR4xAeHTuB9uWm+fFRcIOgKBMiOBP+eXiyT7jsgVCq1bkVygt00oASowB7EdtpOHaaPgKt812P9ab+DDKA==

glob-parent@~5.1.2:
  version "5.1.2"
  resolved "https://registry.yarnpkg.com/glob-parent/-/glob-parent-5.1.2.tgz#869832c58034fe68a4093c17dc15e8340d8401c4"
  integrity sha512-AOIgSQCepiJYwP3ARnGx+5VnTu2HBYdzbGP45eLw1vr3zB3vZLeyed1sC9hnbcOc9/SrMyM5RPQrkGz4aS9Zow==
  dependencies:
    is-glob "^4.0.1"

immutable@^4.0.0:
  version "4.1.0"
  resolved "https://registry.yarnpkg.com/immutable/-/immutable-4.1.0.tgz#f795787f0db780183307b9eb2091fcac1f6fafef"
  integrity sha512-oNkuqVTA8jqG1Q6c+UglTOD1xhC1BtjKI7XkCXRkZHrN5m18/XsnUp8Q89GkQO/z+0WjonSvl0FLhDYftp46nQ==

is-binary-path@~2.1.0:
  version "2.1.0"
  resolved "https://registry.yarnpkg.com/is-binary-path/-/is-binary-path-2.1.0.tgz#ea1f7f3b80f064236e83470f86c09c254fb45b09"
  integrity sha512-ZMERYes6pDydyuGidse7OsHxtbI7WVeUEozgR/g7rd0xUimYNlvZRE/K2MgZTjWy725IfelLeVcEM97mmtRGXw==
  dependencies:
    binary-extensions "^2.0.0"

is-extglob@^2.1.1:
  version "2.1.1"
  resolved "https://registry.yarnpkg.com/is-extglob/-/is-extglob-2.1.1.tgz#a88c02535791f02ed37c76a1b9ea9773c833f8c2"
  integrity sha512-SbKbANkN603Vi4jEZv49LeVJMn4yGwsbzZworEoyEiutsN3nJYdbO36zfhGJ6QEDpOZIFkDtnq5JRxmvl3jsoQ==

is-glob@^4.0.1, is-glob@~4.0.1:
  version "4.0.3"
  resolved "https://registry.yarnpkg.com/is-glob/-/is-glob-4.0.3.tgz#64f61e42cbbb2eec2071a9dac0b28ba1e65d5084"
  integrity sha512-xelSayHH36ZgE7ZWhli7pW34hNbNl8Ojv5KVmkJD4hBdD3th8Tfk9vYasLM+mXWOZhFkgZfxhLSnrwRr4elSSg==
  dependencies:
    is-extglob "^2.1.1"

is-number@^7.0.0:
  version "7.0.0"
  resolved "https://registry.yarnpkg.com/is-number/-/is-number-7.0.0.tgz#7535345b896734d5f80c4d06c50955527a14f12b"
  integrity sha512-41Cifkg6e8TylSpdtTpeLVMqvSBEVzTttHvERD741+pnZ8ANv0004MRL43QKPDlK9cGvNp6NZWZUBlbGXYxxng==

normalize-path@^3.0.0, normalize-path@~3.0.0:
  version "3.0.0"
  resolved "https://registry.yarnpkg.com/normalize-path/-/normalize-path-3.0.0.tgz#0dcd69ff23a1c9b11fd0978316644a0388216a65"
  integrity sha512-6eZs5Ls3WtCisHWp9S2GUy8dqkpGi4BVSz3GaqiE6ezub0512ESztXUwUB6C6IKbQkY2Pnb/mD4WYojCRwcwLA==

picomatch@^2.0.4, picomatch@^2.2.1:
  version "2.3.1"
  resolved "https://registry.yarnpkg.com/picomatch/-/picomatch-2.3.1.tgz#3ba3833733646d9d3e4995946c1365a67fb07a42"
  integrity sha512-JU3teHTNjmE2VCGFzuY8EXzCDVwEqB2a8fsIvwaStHhAWJEeVd1o1QD80CU6+ZdEXXSLbSsuLwJjkCBWqRQUVA==

prettier@2.8.8:
  version "2.8.8"
  resolved "https://registry.yarnpkg.com/prettier/-/prettier-2.8.8.tgz#e8c5d7e98a4305ffe3de2e1fc4aca1a71c28b1da"
  integrity sha512-tdN8qQGvNjw4CHbY+XXk0JgCXn9QiF21a55rBe5LJAU+kDyC4WQn4+awm2Xfk2lQMk5fKup9XgzTZtGkjBdP9Q==

readdirp@~3.6.0:
  version "3.6.0"
  resolved "https://registry.yarnpkg.com/readdirp/-/readdirp-3.6.0.tgz#74a370bd857116e245b29cc97340cd431a02a6c7"
  integrity sha512-hOS089on8RduqdbhvQ5Z37A0ESjsqz6qnRcffsMU3495FuTdqSm+7bhJ29JvIOsBDEEnan5DPu9t3To9VRlMzA==
  dependencies:
    picomatch "^2.2.1"

sass@^1.62.1:
  version "1.62.1"
  resolved "https://registry.yarnpkg.com/sass/-/sass-1.62.1.tgz#caa8d6bf098935bc92fc73fa169fb3790cacd029"
  integrity sha512-NHpxIzN29MXvWiuswfc1W3I0N8SXBd8UR26WntmDlRYf0bSADnwnOjsyMZ3lMezSlArD33Vs3YFhp7dWvL770A==
  dependencies:
    chokidar ">=3.0.0 <4.0.0"
    immutable "^4.0.0"
    source-map-js ">=0.6.2 <2.0.0"

"source-map-js@>=0.6.2 <2.0.0":
  version "1.0.2"
  resolved "https://registry.yarnpkg.com/source-map-js/-/source-map-js-1.0.2.tgz#adbc361d9c62df380125e7f161f71c826f1e490c"
  integrity sha512-R0XvVJ9WusLiqTCEiGCmICCMplcCkIwwR11mOSD9CR5u+IXYdiseeEuXCVAjS54zqwkLcPNnmU4OeJ6tUrWhDw==

to-regex-range@^5.0.1:
  version "5.0.1"
  resolved "https://registry.yarnpkg.com/to-regex-range/-/to-regex-range-5.0.1.tgz#1648c44aae7c8d988a326018ed72f5b4dd0392e4"
  integrity sha512-65P7iz6X5yEr1cwcgvQxbbIw7Uk3gOy5dIdtZ4rDveLqhrdJP+Li/Hx6tyK0NEb+2GCyneCMJiGqrADCSNk8sQ==
  dependencies:
    is-number "^7.0.0"
